// !$*UTF8*$!
{
	archiveVersion = 1;
	classes = {
	};
	objectVersion = 46;
	objects = {

/* Begin PBXBuildFile section */
		B74F113A1DCD0302009B2C3A /* AppDelegate.swift in Sources */ = {isa = PBXBuildFile; fileRef = B74F11391DCD0302009B2C3A /* AppDelegate.swift */; };
		B74F113C1DCD0302009B2C3A /* GameScene.sks in Resources */ = {isa = PBXBuildFile; fileRef = B74F113B1DCD0302009B2C3A /* GameScene.sks */; };
		B74F113E1DCD0302009B2C3A /* Actions.sks in Resources */ = {isa = PBXBuildFile; fileRef = B74F113D1DCD0302009B2C3A /* Actions.sks */; };
		B74F11401DCD0302009B2C3A /* GameScene.swift in Sources */ = {isa = PBXBuildFile; fileRef = B74F113F1DCD0302009B2C3A /* GameScene.swift */; };
		B74F11421DCD0302009B2C3A /* GameViewController.swift in Sources */ = {isa = PBXBuildFile; fileRef = B74F11411DCD0302009B2C3A /* GameViewController.swift */; };
		B74F11451DCD0303009B2C3A /* Main.storyboard in Resources */ = {isa = PBXBuildFile; fileRef = B74F11431DCD0303009B2C3A /* Main.storyboard */; };
		B74F11471DCD0303009B2C3A /* Assets.xcassets in Resources */ = {isa = PBXBuildFile; fileRef = B74F11461DCD0303009B2C3A /* Assets.xcassets */; };
		B74F114A1DCD0303009B2C3A /* LaunchScreen.storyboard in Resources */ = {isa = PBXBuildFile; fileRef = B74F11481DCD0303009B2C3A /* LaunchScreen.storyboard */; };
		B74F11551DCD0303009B2C3A /* overlandTests.swift in Sources */ = {isa = PBXBuildFile; fileRef = B74F11541DCD0303009B2C3A /* overlandTests.swift */; };
		B74F11601DCD0303009B2C3A /* overlandUITests.swift in Sources */ = {isa = PBXBuildFile; fileRef = B74F115F1DCD0303009B2C3A /* overlandUITests.swift */; };
/* End PBXBuildFile section */

/* Begin PBXContainerItemProxy section */
		B74F11511DCD0303009B2C3A /* PBXContainerItemProxy */ = {
			isa = PBXContainerItemProxy;
			containerPortal = B74F112E1DCD0302009B2C3A /* Project object */;
			proxyType = 1;
			remoteGlobalIDString = B74F11351DCD0302009B2C3A;
			remoteInfo = overland;
		};
		B74F115C1DCD0303009B2C3A /* PBXContainerItemProxy */ = {
			isa = PBXContainerItemProxy;
			containerPortal = B74F112E1DCD0302009B2C3A /* Project object */;
			proxyType = 1;
			remoteGlobalIDString = B74F11351DCD0302009B2C3A;
			remoteInfo = overland;
		};
/* End PBXContainerItemProxy section */

/* Begin PBXFileReference section */
		B74F11361DCD0302009B2C3A /* overland.app */ = {isa = PBXFileReference; explicitFileType = wrapper.application; includeInIndex = 0; path = overland.app; sourceTree = BUILT_PRODUCTS_DIR; };
		B74F11391DCD0302009B2C3A /* AppDelegate.swift */ = {isa = PBXFileReference; lastKnownFileType = sourcecode.swift; path = AppDelegate.swift; sourceTree = "<group>"; };
		B74F113B1DCD0302009B2C3A /* GameScene.sks */ = {isa = PBXFileReference; lastKnownFileType = file.sks; path = GameScene.sks; sourceTree = "<group>"; };
		B74F113D1DCD0302009B2C3A /* Actions.sks */ = {isa = PBXFileReference; lastKnownFileType = file.sks; path = Actions.sks; sourceTree = "<group>"; };
		B74F113F1DCD0302009B2C3A /* GameScene.swift */ = {isa = PBXFileReference; lastKnownFileType = sourcecode.swift; path = GameScene.swift; sourceTree = "<group>"; };
		B74F11411DCD0302009B2C3A /* GameViewController.swift */ = {isa = PBXFileReference; lastKnownFileType = sourcecode.swift; path = GameViewController.swift; sourceTree = "<group>"; };
		B74F11441DCD0303009B2C3A /* Base */ = {isa = PBXFileReference; lastKnownFileType = file.storyboard; name = Base; path = Base.lproj/Main.storyboard; sourceTree = "<group>"; };
		B74F11461DCD0303009B2C3A /* Assets.xcassets */ = {isa = PBXFileReference; lastKnownFileType = folder.assetcatalog; path = Assets.xcassets; sourceTree = "<group>"; };
		B74F11491DCD0303009B2C3A /* Base */ = {isa = PBXFileReference; lastKnownFileType = file.storyboard; name = Base; path = Base.lproj/LaunchScreen.storyboard; sourceTree = "<group>"; };
		B74F114B1DCD0303009B2C3A /* Info.plist */ = {isa = PBXFileReference; lastKnownFileType = text.plist.xml; path = Info.plist; sourceTree = "<group>"; };
		B74F11501DCD0303009B2C3A /* overlandTests.xctest */ = {isa = PBXFileReference; explicitFileType = wrapper.cfbundle; includeInIndex = 0; path = overlandTests.xctest; sourceTree = BUILT_PRODUCTS_DIR; };
		B74F11541DCD0303009B2C3A /* overlandTests.swift */ = {isa = PBXFileReference; lastKnownFileType = sourcecode.swift; path = overlandTests.swift; sourceTree = "<group>"; };
		B74F11561DCD0303009B2C3A /* Info.plist */ = {isa = PBXFileReference; lastKnownFileType = text.plist.xml; path = Info.plist; sourceTree = "<group>"; };
		B74F115B1DCD0303009B2C3A /* overlandUITests.xctest */ = {isa = PBXFileReference; explicitFileType = wrapper.cfbundle; includeInIndex = 0; path = overlandUITests.xctest; sourceTree = BUILT_PRODUCTS_DIR; };
		B74F115F1DCD0303009B2C3A /* overlandUITests.swift */ = {isa = PBXFileReference; lastKnownFileType = sourcecode.swift; path = overlandUITests.swift; sourceTree = "<group>"; };
		B74F11611DCD0303009B2C3A /* Info.plist */ = {isa = PBXFileReference; lastKnownFileType = text.plist.xml; path = Info.plist; sourceTree = "<group>"; };
/* End PBXFileReference section */

/* Begin PBXFrameworksBuildPhase section */
		B74F11331DCD0302009B2C3A /* Frameworks */ = {
			isa = PBXFrameworksBuildPhase;
			buildActionMask = 2147483647;
			files = (
			);
			runOnlyForDeploymentPostprocessing = 0;
		};
		B74F114D1DCD0303009B2C3A /* Frameworks */ = {
			isa = PBXFrameworksBuildPhase;
			buildActionMask = 2147483647;
			files = (
			);
			runOnlyForDeploymentPostprocessing = 0;
		};
		B74F11581DCD0303009B2C3A /* Frameworks */ = {
			isa = PBXFrameworksBuildPhase;
			buildActionMask = 2147483647;
			files = (
			);
			runOnlyForDeploymentPostprocessing = 0;
		};
/* End PBXFrameworksBuildPhase section */

/* Begin PBXGroup section */
		B74F112D1DCD0302009B2C3A = {
			isa = PBXGroup;
			children = (
				B74F11381DCD0302009B2C3A /* overland */,
				B74F11531DCD0303009B2C3A /* overlandTests */,
				B74F115E1DCD0303009B2C3A /* overlandUITests */,
				B74F11371DCD0302009B2C3A /* Products */,
			);
			sourceTree = "<group>";
		};
		B74F11371DCD0302009B2C3A /* Products */ = {
			isa = PBXGroup;
			children = (
				B74F11361DCD0302009B2C3A /* overland.app */,
				B74F11501DCD0303009B2C3A /* overlandTests.xctest */,
				B74F115B1DCD0303009B2C3A /* overlandUITests.xctest */,
			);
			name = Products;
			sourceTree = "<group>";
		};
		B74F11381DCD0302009B2C3A /* overland */ = {
			isa = PBXGroup;
			children = (
				B74F11391DCD0302009B2C3A /* AppDelegate.swift */,
				B74F113B1DCD0302009B2C3A /* GameScene.sks */,
				B74F113D1DCD0302009B2C3A /* Actions.sks */,
				B74F113F1DCD0302009B2C3A /* GameScene.swift */,
				B74F11411DCD0302009B2C3A /* GameViewController.swift */,
				B74F11431DCD0303009B2C3A /* Main.storyboard */,
				B74F11461DCD0303009B2C3A /* Assets.xcassets */,
				B74F11481DCD0303009B2C3A /* LaunchScreen.storyboard */,
				B74F114B1DCD0303009B2C3A /* Info.plist */,
			);
			path = overland;
			sourceTree = "<group>";
		};
		B74F11531DCD0303009B2C3A /* overlandTests */ = {
			isa = PBXGroup;
			children = (
				B74F11541DCD0303009B2C3A /* overlandTests.swift */,
				B74F11561DCD0303009B2C3A /* Info.plist */,
			);
			path = overlandTests;
			sourceTree = "<group>";
		};
		B74F115E1DCD0303009B2C3A /* overlandUITests */ = {
			isa = PBXGroup;
			children = (
				B74F115F1DCD0303009B2C3A /* overlandUITests.swift */,
				B74F11611DCD0303009B2C3A /* Info.plist */,
			);
			path = overlandUITests;
			sourceTree = "<group>";
		};
/* End PBXGroup section */

/* Begin PBXNativeTarget section */
		B74F11351DCD0302009B2C3A /* overland */ = {
			isa = PBXNativeTarget;
			buildConfigurationList = B74F11641DCD0303009B2C3A /* Build configuration list for PBXNativeTarget "overland" */;
			buildPhases = (
				B74F11321DCD0302009B2C3A /* Sources */,
				B74F11331DCD0302009B2C3A /* Frameworks */,
				B74F11341DCD0302009B2C3A /* Resources */,
			);
			buildRules = (
			);
			dependencies = (
			);
			name = overland;
			productName = overland;
			productReference = B74F11361DCD0302009B2C3A /* overland.app */;
			productType = "com.apple.product-type.application";
		};
		B74F114F1DCD0303009B2C3A /* overlandTests */ = {
			isa = PBXNativeTarget;
			buildConfigurationList = B74F11671DCD0303009B2C3A /* Build configuration list for PBXNativeTarget "overlandTests" */;
			buildPhases = (
				B74F114C1DCD0303009B2C3A /* Sources */,
				B74F114D1DCD0303009B2C3A /* Frameworks */,
				B74F114E1DCD0303009B2C3A /* Resources */,
			);
			buildRules = (
			);
			dependencies = (
				B74F11521DCD0303009B2C3A /* PBXTargetDependency */,
			);
			name = overlandTests;
			productName = overlandTests;
			productReference = B74F11501DCD0303009B2C3A /* overlandTests.xctest */;
			productType = "com.apple.product-type.bundle.unit-test";
		};
		B74F115A1DCD0303009B2C3A /* overlandUITests */ = {
			isa = PBXNativeTarget;
			buildConfigurationList = B74F116A1DCD0303009B2C3A /* Build configuration list for PBXNativeTarget "overlandUITests" */;
			buildPhases = (
				B74F11571DCD0303009B2C3A /* Sources */,
				B74F11581DCD0303009B2C3A /* Frameworks */,
				B74F11591DCD0303009B2C3A /* Resources */,
			);
			buildRules = (
			);
			dependencies = (
				B74F115D1DCD0303009B2C3A /* PBXTargetDependency */,
			);
			name = overlandUITests;
			productName = overlandUITests;
			productReference = B74F115B1DCD0303009B2C3A /* overlandUITests.xctest */;
			productType = "com.apple.product-type.bundle.ui-testing";
		};
/* End PBXNativeTarget section */

/* Begin PBXProject section */
		B74F112E1DCD0302009B2C3A /* Project object */ = {
			isa = PBXProject;
			attributes = {
				LastSwiftUpdateCheck = 0810;
				LastUpgradeCheck = 0810;
				ORGANIZATIONNAME = "one-p-studios";
				TargetAttributes = {
					B74F11351DCD0302009B2C3A = {
						CreatedOnToolsVersion = 8.1;
						ProvisioningStyle = Automatic;
					};
					B74F114F1DCD0303009B2C3A = {
						CreatedOnToolsVersion = 8.1;
						ProvisioningStyle = Automatic;
						TestTargetID = B74F11351DCD0302009B2C3A;
					};
					B74F115A1DCD0303009B2C3A = {
						CreatedOnToolsVersion = 8.1;
						ProvisioningStyle = Automatic;
						TestTargetID = B74F11351DCD0302009B2C3A;
					};
				};
			};
			buildConfigurationList = B74F11311DCD0302009B2C3A /* Build configuration list for PBXProject "overland" */;
			compatibilityVersion = "Xcode 3.2";
			developmentRegion = English;
			hasScannedForEncodings = 0;
			knownRegions = (
				en,
				Base,
			);
			mainGroup = B74F112D1DCD0302009B2C3A;
			productRefGroup = B74F11371DCD0302009B2C3A /* Products */;
			projectDirPath = "";
			projectRoot = "";
			targets = (
				B74F11351DCD0302009B2C3A /* overland */,
				B74F114F1DCD0303009B2C3A /* overlandTests */,
				B74F115A1DCD0303009B2C3A /* overlandUITests */,
			);
		};
/* End PBXProject section */

/* Begin PBXResourcesBuildPhase section */
		B74F11341DCD0302009B2C3A /* Resources */ = {
			isa = PBXResourcesBuildPhase;
			buildActionMask = 2147483647;
			files = (
				B74F11451DCD0303009B2C3A /* Main.storyboard in Resources */,
				B74F113C1DCD0302009B2C3A /* GameScene.sks in Resources */,
				B74F11471DCD0303009B2C3A /* Assets.xcassets in Resources */,
				B74F114A1DCD0303009B2C3A /* LaunchScreen.storyboard in Resources */,
				B74F113E1DCD0302009B2C3A /* Actions.sks in Resources */,
			);
			runOnlyForDeploymentPostprocessing = 0;
		};
		B74F114E1DCD0303009B2C3A /* Resources */ = {
			isa = PBXResourcesBuildPhase;
			buildActionMask = 2147483647;
			files = (
			);
			runOnlyForDeploymentPostprocessing = 0;
		};
		B74F11591DCD0303009B2C3A /* Resources */ = {
			isa = PBXResourcesBuildPhase;
			buildActionMask = 2147483647;
			files = (
			);
			runOnlyForDeploymentPostprocessing = 0;
		};
/* End PBXResourcesBuildPhase section */

/* Begin PBXSourcesBuildPhase section */
		B74F11321DCD0302009B2C3A /* Sources */ = {
			isa = PBXSourcesBuildPhase;
			buildActionMask = 2147483647;
			files = (
				B74F11401DCD0302009B2C3A /* GameScene.swift in Sources */,
				B74F11421DCD0302009B2C3A /* GameViewController.swift in Sources */,
				B74F113A1DCD0302009B2C3A /* AppDelegate.swift in Sources */,
			);
			runOnlyForDeploymentPostprocessing = 0;
		};
		B74F114C1DCD0303009B2C3A /* Sources */ = {
			isa = PBXSourcesBuildPhase;
			buildActionMask = 2147483647;
			files = (
				B74F11551DCD0303009B2C3A /* overlandTests.swift in Sources */,
			);
			runOnlyForDeploymentPostprocessing = 0;
		};
		B74F11571DCD0303009B2C3A /* Sources */ = {
			isa = PBXSourcesBuildPhase;
			buildActionMask = 2147483647;
			files = (
				B74F11601DCD0303009B2C3A /* overlandUITests.swift in Sources */,
			);
			runOnlyForDeploymentPostprocessing = 0;
		};
/* End PBXSourcesBuildPhase section */

/* Begin PBXTargetDependency section */
		B74F11521DCD0303009B2C3A /* PBXTargetDependency */ = {
			isa = PBXTargetDependency;
			target = B74F11351DCD0302009B2C3A /* overland */;
			targetProxy = B74F11511DCD0303009B2C3A /* PBXContainerItemProxy */;
		};
		B74F115D1DCD0303009B2C3A /* PBXTargetDependency */ = {
			isa = PBXTargetDependency;
			target = B74F11351DCD0302009B2C3A /* overland */;
			targetProxy = B74F115C1DCD0303009B2C3A /* PBXContainerItemProxy */;
		};
/* End PBXTargetDependency section */

/* Begin PBXVariantGroup section */
		B74F11431DCD0303009B2C3A /* Main.storyboard */ = {
			isa = PBXVariantGroup;
			children = (
				B74F11441DCD0303009B2C3A /* Base */,
			);
			name = Main.storyboard;
			sourceTree = "<group>";
		};
		B74F11481DCD0303009B2C3A /* LaunchScreen.storyboard */ = {
			isa = PBXVariantGroup;
			children = (
				B74F11491DCD0303009B2C3A /* Base */,
			);
			name = LaunchScreen.storyboard;
			sourceTree = "<group>";
		};
/* End PBXVariantGroup section */

/* Begin XCBuildConfiguration section */
		B74F11621DCD0303009B2C3A /* Debug */ = {
			isa = XCBuildConfiguration;
			buildSettings = {
				ALWAYS_SEARCH_USER_PATHS = NO;
				CLANG_ANALYZER_NONNULL = YES;
				CLANG_CXX_LANGUAGE_STANDARD = "gnu++0x";
				CLANG_CXX_LIBRARY = "libc++";
				CLANG_ENABLE_MODULES = YES;
				CLANG_ENABLE_OBJC_ARC = YES;
				CLANG_WARN_BOOL_CONVERSION = YES;
				CLANG_WARN_CONSTANT_CONVERSION = YES;
				CLANG_WARN_DIRECT_OBJC_ISA_USAGE = YES_ERROR;
				CLANG_WARN_DOCUMENTATION_COMMENTS = YES;
				CLANG_WARN_EMPTY_BODY = YES;
				CLANG_WARN_ENUM_CONVERSION = YES;
				CLANG_WARN_INFINITE_RECURSION = YES;
				CLANG_WARN_INT_CONVERSION = YES;
				CLANG_WARN_OBJC_ROOT_CLASS = YES_ERROR;
				CLANG_WARN_SUSPICIOUS_MOVES = YES;
				CLANG_WARN_UNREACHABLE_CODE = YES;
				CLANG_WARN__DUPLICATE_METHOD_MATCH = YES;
				"CODE_SIGN_IDENTITY[sdk=iphoneos*]" = "iPhone Developer";
				COPY_PHASE_STRIP = NO;
				DEBUG_INFORMATION_FORMAT = dwarf;
				ENABLE_STRICT_OBJC_MSGSEND = YES;
				ENABLE_TESTABILITY = YES;
				GCC_C_LANGUAGE_STANDARD = gnu99;
				GCC_DYNAMIC_NO_PIC = NO;
				GCC_NO_COMMON_BLOCKS = YES;
				GCC_OPTIMIZATION_LEVEL = 0;
				GCC_PREPROCESSOR_DEFINITIONS = (
					"DEBUG=1",
					"$(inherited)",
				);
				GCC_WARN_64_TO_32_BIT_CONVERSION = YES;
				GCC_WARN_ABOUT_RETURN_TYPE = YES_ERROR;
				GCC_WARN_UNDECLARED_SELECTOR = YES;
				GCC_WARN_UNINITIALIZED_AUTOS = YES_AGGRESSIVE;
				GCC_WARN_UNUSED_FUNCTION = YES;
				GCC_WARN_UNUSED_VARIABLE = YES;
				IPHONEOS_DEPLOYMENT_TARGET = 10.1;
				MTL_ENABLE_DEBUG_INFO = YES;
				ONLY_ACTIVE_ARCH = YES;
				SDKROOT = iphoneos;
				SWIFT_ACTIVE_COMPILATION_CONDITIONS = DEBUG;
				SWIFT_OPTIMIZATION_LEVEL = "-Onone";
			};
			name = Debug;
		};
		B74F11631DCD0303009B2C3A /* Release */ = {
			isa = XCBuildConfiguration;
			buildSettings = {
				ALWAYS_SEARCH_USER_PATHS = NO;
				CLANG_ANALYZER_NONNULL = YES;
				CLANG_CXX_LANGUAGE_STANDARD = "gnu++0x";
				CLANG_CXX_LIBRARY = "libc++";
				CLANG_ENABLE_MODULES = YES;
				CLANG_ENABLE_OBJC_ARC = YES;
				CLANG_WARN_BOOL_CONVERSION = YES;
				CLANG_WARN_CONSTANT_CONVERSION = YES;
				CLANG_WARN_DIRECT_OBJC_ISA_USAGE = YES_ERROR;
				CLANG_WARN_DOCUMENTATION_COMMENTS = YES;
				CLANG_WARN_EMPTY_BODY = YES;
				CLANG_WARN_ENUM_CONVERSION = YES;
				CLANG_WARN_INFINITE_RECURSION = YES;
				CLANG_WARN_INT_CONVERSION = YES;
				CLANG_WARN_OBJC_ROOT_CLASS = YES_ERROR;
				CLANG_WARN_SUSPICIOUS_MOVES = YES;
				CLANG_WARN_UNREACHABLE_CODE = YES;
				CLANG_WARN__DUPLICATE_METHOD_MATCH = YES;
				"CODE_SIGN_IDENTITY[sdk=iphoneos*]" = "iPhone Developer";
				COPY_PHASE_STRIP = NO;
				DEBUG_INFORMATION_FORMAT = "dwarf-with-dsym";
				ENABLE_NS_ASSERTIONS = NO;
				ENABLE_STRICT_OBJC_MSGSEND = YES;
				GCC_C_LANGUAGE_STANDARD = gnu99;
				GCC_NO_COMMON_BLOCKS = YES;
				GCC_WARN_64_TO_32_BIT_CONVERSION = YES;
				GCC_WARN_ABOUT_RETURN_TYPE = YES_ERROR;
				GCC_WARN_UNDECLARED_SELECTOR = YES;
				GCC_WARN_UNINITIALIZED_AUTOS = YES_AGGRESSIVE;
				GCC_WARN_UNUSED_FUNCTION = YES;
				GCC_WARN_UNUSED_VARIABLE = YES;
				IPHONEOS_DEPLOYMENT_TARGET = 10.1;
				MTL_ENABLE_DEBUG_INFO = NO;
				SDKROOT = iphoneos;
				SWIFT_OPTIMIZATION_LEVEL = "-Owholemodule";
				VALIDATE_PRODUCT = YES;
			};
			name = Release;
		};
		B74F11651DCD0303009B2C3A /* Debug */ = {
			isa = XCBuildConfiguration;
			buildSettings = {
				ASSETCATALOG_COMPILER_APPICON_NAME = AppIcon;
				INFOPLIST_FILE = overland/Info.plist;
				IPHONEOS_DEPLOYMENT_TARGET = 10.1;
				LD_RUNPATH_SEARCH_PATHS = "$(inherited) @executable_path/Frameworks";
				PRODUCT_BUNDLE_IDENTIFIER = "one-p-studios.overland";
				PRODUCT_NAME = "$(TARGET_NAME)";
				SWIFT_VERSION = 3.0;
			};
			name = Debug;
		};
		B74F11661DCD0303009B2C3A /* Release */ = {
			isa = XCBuildConfiguration;
			buildSettings = {
				ASSETCATALOG_COMPILER_APPICON_NAME = AppIcon;
				INFOPLIST_FILE = overland/Info.plist;
				IPHONEOS_DEPLOYMENT_TARGET = 10.1;
				LD_RUNPATH_SEARCH_PATHS = "$(inherited) @executable_path/Frameworks";
				PRODUCT_BUNDLE_IDENTIFIER = "one-p-studios.overland";
				PRODUCT_NAME = "$(TARGET_NAME)";
				SWIFT_VERSION = 3.0;
			};
			name = Release;
		};
		B74F11681DCD0303009B2C3A /* Debug */ = {
			isa = XCBuildConfiguration;
			buildSettings = {
				ALWAYS_EMBED_SWIFT_STANDARD_LIBRARIES = YES;
				BUNDLE_LOADER = "$(TEST_HOST)";
				INFOPLIST_FILE = overlandTests/Info.plist;
				LD_RUNPATH_SEARCH_PATHS = "$(inherited) @executable_path/Frameworks @loader_path/Frameworks";
				PRODUCT_BUNDLE_IDENTIFIER = "one-p-studios.overlandTests";
				PRODUCT_NAME = "$(TARGET_NAME)";
				SWIFT_VERSION = 3.0;
				TEST_HOST = "$(BUILT_PRODUCTS_DIR)/overland.app/overland";
			};
			name = Debug;
		};
		B74F11691DCD0303009B2C3A /* Release */ = {
			isa = XCBuildConfiguration;
			buildSettings = {
				ALWAYS_EMBED_SWIFT_STANDARD_LIBRARIES = YES;
				BUNDLE_LOADER = "$(TEST_HOST)";
				INFOPLIST_FILE = overlandTests/Info.plist;
				LD_RUNPATH_SEARCH_PATHS = "$(inherited) @executable_path/Frameworks @loader_path/Frameworks";
				PRODUCT_BUNDLE_IDENTIFIER = "one-p-studios.overlandTests";
				PRODUCT_NAME = "$(TARGET_NAME)";
				SWIFT_VERSION = 3.0;
				TEST_HOST = "$(BUILT_PRODUCTS_DIR)/overland.app/overland";
			};
			name = Release;
		};
		B74F116B1DCD0303009B2C3A /* Debug */ = {
			isa = XCBuildConfiguration;
			buildSettings = {
				ALWAYS_EMBED_SWIFT_STANDARD_LIBRARIES = YES;
				INFOPLIST_FILE = overlandUITests/Info.plist;
				LD_RUNPATH_SEARCH_PATHS = "$(inherited) @executable_path/Frameworks @loader_path/Frameworks";
				PRODUCT_BUNDLE_IDENTIFIER = "one-p-studios.overlandUITests";
				PRODUCT_NAME = "$(TARGET_NAME)";
				SWIFT_VERSION = 3.0;
				TEST_TARGET_NAME = overland;
			};
			name = Debug;
		};
		B74F116C1DCD0303009B2C3A /* Release */ = {
			isa = XCBuildConfiguration;
			buildSettings = {
				ALWAYS_EMBED_SWIFT_STANDARD_LIBRARIES = YES;
				INFOPLIST_FILE = overlandUITests/Info.plist;
				LD_RUNPATH_SEARCH_PATHS = "$(inherited) @executable_path/Frameworks @loader_path/Frameworks";
				PRODUCT_BUNDLE_IDENTIFIER = "one-p-studios.overlandUITests";
				PRODUCT_NAME = "$(TARGET_NAME)";
				SWIFT_VERSION = 3.0;
				TEST_TARGET_NAME = overland;
			};
			name = Release;
		};
/* End XCBuildConfiguration section */

/* Begin XCConfigurationList section */
		B74F11311DCD0302009B2C3A /* Build configuration list for PBXProject "overland" */ = {
			isa = XCConfigurationList;
			buildConfigurations = (
				B74F11621DCD0303009B2C3A /* Debug */,
				B74F11631DCD0303009B2C3A /* Release */,
			);
			defaultConfigurationIsVisible = 0;
			defaultConfigurationName = Release;
		};
		B74F11641DCD0303009B2C3A /* Build configuration list for PBXNativeTarget "overland" */ = {
			isa = XCConfigurationList;
			buildConfigurations = (
				B74F11651DCD0303009B2C3A /* Debug */,
				B74F11661DCD0303009B2C3A /* Release */,
			);
			defaultConfigurationIsVisible = 0;
		};
		B74F11671DCD0303009B2C3A /* Build configuration list for PBXNativeTarget "overlandTests" */ = {
			isa = XCConfigurationList;
			buildConfigurations = (
				B74F11681DCD0303009B2C3A /* Debug */,
				B74F11691DCD0303009B2C3A /* Release */,
			);
			defaultConfigurationIsVisible = 0;
		};
		B74F116A1DCD0303009B2C3A /* Build configuration list for PBXNativeTarget "overlandUITests" */ = {
			isa = XCConfigurationList;
			buildConfigurations = (
				B74F116B1DCD0303009B2C3A /* Debug */,
				B74F116C1DCD0303009B2C3A /* Release */,
			);
			defaultConfigurationIsVisible = 0;
		};
/* End XCConfigurationList section */
	};
	rootObject = B74F112E1DCD0302009B2C3A /* Project object */;
}
